
Microsoft Visual Studio Solution File, Format Version 12.00
# Visual Studio Version 16
VisualStudioVersion = 16.0.31112.23
MinimumVisualStudioVersion = 10.0.40219.1
Project("{FAE04EC0-301F-11D3-BF4B-00C04F79EFBC}") = "Panoramic", "Panoramic\Panoramic.csproj", "{59C4AADF-F32F-4863-B98A-F550DB52B6F5}"
EndProject
Global
	GlobalSection(SolutionConfigurationPlatforms) = preSolution
		Debug|Any CPU = Debug|Any CPU
		Release|Any CPU = Release|Any CPU
	EndGlobalSection
	GlobalSection(ProjectConfigurationPlatforms) = postSolution
		{59C4AADF-F32F-4863-B98A-F550DB52B6F5}.Debug|Any CPU.ActiveCfg = Debug|Any CPU
		{59C4AADF-F32F-4863-B98A-F550DB52B6F5}.Debug|Any CPU.Build.0 = Debug|Any CPU
		{59C4AADF-F32F-4863-B98A-F550DB52B6F5}.Release|Any CPU.ActiveCfg = Release|Any CPU
		{59C4AADF-F32F-4863-B98A-F550DB52B6F5}.Release|Any CPU.Build.0 = Release|Any CPU
	EndGlobalSection
	GlobalSection(SolutionProperties) = preSolution
		HideSolutionNode = FALSE
	EndGlobalSection
	GlobalSection(ExtensibilityGlobals) = postSolution
		SolutionGuid = {6049B130-AFE6-4CDB-837B-E7A0011E6E4D}
	EndGlobalSection
EndGlobal
